#MicroXplorer Configuration settings - do not modify
PD12.GPIO_Label=LED1
PH0-OSC_IN.Signal=RCC_OSC_IN
SH.S_TIM1_CH4.0=TIM1_CH4,PWM Generation4 CH4
Dma.SPI1_TX.2.MemInc=DMA_MINC_ENABLE
PE14.GPIO_Speed=GPIO_SPEED_FREQ_HIGH
Dma.SPI1_RX.1.FIFOMode=DMA_FIFOMODE_DISABLE
PE11.GPIOParameters=GPIO_Speed,GPIO_Label
SPI1.VirtualType=VM_MASTER
TIM1.IPParameters=Channel-PWM Generation1 CH1,Channel-PWM Generation2 CH2,Channel-PWM Generation3 CH3,Channel-PWM Generation4 CH4,AutoReloadPreload,Period
ADC1.SamplingTime-6\#ChannelRegularConversion=ADC_SAMPLETIME_480CYCLES
RCC.PLLCLKFreq_Value=168000000
RCC.PLLQCLKFreq_Value=48000000
RCC.RTCFreq_Value=32000
SH.S_TIM1_CH1.ConfNb=1
PinOutPanel.RotationAngle=0
PE6.GPIO_Label=JBUTTON6
RCC.SYSCLKSource=RCC_SYSCLKSOURCE_PLLCLK
NVIC.SVCall_IRQn=true\:0\:0\:false\:false\:true\:false\:false
PD14.GPIO_Speed=GPIO_SPEED_FREQ_HIGH
NVIC.EXTI1_IRQn=true\:0\:0\:false\:false\:true\:true\:true
SH.GPXTI3.ConfNb=1
PD15.GPIOParameters=GPIO_Speed,GPIO_Label
ADC1.Channel-5\#ChannelRegularConversion=ADC_CHANNEL_2
SH.S_TIM3_CH2.ConfNb=1
SPI1.Direction=SPI_DIRECTION_2LINES
RCC.APB2TimFreq_Value=168000000
Dma.ADC1.0.Direction=DMA_PERIPH_TO_MEMORY
VP_TIM10_VS_ClockSourceINT.Mode=Enable_Timer
PB6.Signal=S_TIM4_CH1
ADC1.Channel-2\#ChannelRegularConversion=ADC_CHANNEL_11
SPI1.CalculateBaudRate=42.0 MBits/s
PC3.Signal=ADCx_IN13
PE5.Signal=GPXTI5
PA1.GPIO_PuPd=GPIO_PULLUP
Dma.ADC1.0.MemDataAlignment=DMA_MDATAALIGN_HALFWORD
ProjectManager.ProjectBuild=false
NVIC.UsageFault_IRQn=true\:0\:0\:false\:false\:true\:false\:false
PB2.Signal=GPIO_Output
ADC1.ScanConvMode=ENABLE
Dma.SPI1_RX.1.Priority=DMA_PRIORITY_LOW
PA4.Locked=true
ProjectManager.FirmwarePackage=STM32Cube FW_F4 V1.25.2
MxDb.Version=DB.6.0.10
PB0.GPIOParameters=GPIO_Speed,GPIO_Label
PA1.GPIOParameters=GPIO_PuPd,GPIO_Label,GPIO_ModeDefaultEXTI
ProjectManager.BackupPrevious=true
PC4.GPIO_Label=SPI1_CS2
TIM1.Channel-PWM\ Generation1\ CH1=TIM_CHANNEL_1
PB1.GPIO_Speed=GPIO_SPEED_FREQ_HIGH
PE9.Signal=S_TIM1_CH1
PB1.GPIO_Label=MOTOR_X_DIR
Dma.ADC1.0.PeriphInc=DMA_PINC_DISABLE
PE4.GPIO_Label=JBUTTON4
SH.ADCx_IN11.ConfNb=1
SH.S_TIM4_CH2.0=TIM4_CH2,Encoder_Interface
PE2.Signal=GPXTI2
PB6.Locked=true
NVIC.PendSV_IRQn=true\:0\:0\:false\:false\:true\:false\:false
TIM4.Period=0xffff
ProjectManager.HalAssertFull=false
VP_TIM1_VS_ClockSourceINT.Mode=Internal
RCC.MCO2PinFreq_Value=168000000
Mcu.Package=LQFP100
PB1.Signal=GPIO_Output
PD12.Signal=GPIO_Output
VP_SYS_VS_Systick.Signal=SYS_VS_Systick
RCC.APB2CLKDivider=RCC_HCLK_DIV2
NVIC.DMA2_Stream2_IRQn=true\:0\:0\:false\:false\:true\:false\:true
SH.S_TIM4_CH1.0=TIM4_CH1,Encoder_Interface
RCC.APB1TimFreq_Value=84000000
NVIC.BusFault_IRQn=true\:0\:0\:false\:false\:true\:false\:false
Dma.ADC1.0.FIFOMode=DMA_FIFOMODE_DISABLE
TIM1.Period=0xffff
USB_OTG_FS.IPParameters=VirtualMode
PB10.GPIOParameters=GPIO_Label
PE6.Locked=true
Dma.SPI1_TX.2.Priority=DMA_PRIORITY_LOW
Dma.SPI1_RX.1.MemInc=DMA_MINC_ENABLE
PA4.GPIO_Label=SPI1_CS1
ADC1.EOCSelection=ADC_EOC_SEQ_CONV
PD15.Signal=GPIO_Output
ProjectManager.CustomerFirmwarePackage=
PC4.GPIOParameters=GPIO_Speed,PinState,GPIO_Label
ADC1.Rank-4\#ChannelRegularConversion=4
Dma.SPI1_TX.2.PeriphInc=DMA_PINC_DISABLE
PA5.Mode=Full_Duplex_Master
Dma.SPI1_RX.1.Instance=DMA2_Stream2
SH.S_TIM4_CH1.ConfNb=1
ProjectManager.ProjectFileName=STM32F407_FFBJOYSTICK.ioc
Dma.ADC1.0.Instance=DMA2_Stream0
TIM4.CounterMode=TIM_COUNTERMODE_CENTERALIGNED1
Mcu.PinsNb=45
PC4.PinState=GPIO_PIN_SET
TIM3.AutoReloadPreload=TIM_AUTORELOAD_PRELOAD_ENABLE
PE11.GPIO_Speed=GPIO_SPEED_FREQ_HIGH
ADC1.IPParameters=Rank-1\#ChannelRegularConversion,master,Channel-1\#ChannelRegularConversion,SamplingTime-1\#ChannelRegularConversion,NbrOfConversionFlag,ScanConvMode,ContinuousConvMode,DMAContinuousRequests,Rank-2\#ChannelRegularConversion,Channel-2\#ChannelRegularConversion,SamplingTime-2\#ChannelRegularConversion,Rank-3\#ChannelRegularConversion,Channel-3\#ChannelRegularConversion,SamplingTime-3\#ChannelRegularConversion,Rank-4\#ChannelRegularConversion,Channel-4\#ChannelRegularConversion,SamplingTime-4\#ChannelRegularConversion,NbrOfConversion,Rank-5\#ChannelRegularConversion,Channel-5\#ChannelRegularConversion,SamplingTime-5\#ChannelRegularConversion,Rank-6\#ChannelRegularConversion,Channel-6\#ChannelRegularConversion,SamplingTime-6\#ChannelRegularConversion,EOCSelection
Dma.SPI1_RX.1.MemDataAlignment=DMA_MDATAALIGN_BYTE
PC2.Signal=ADCx_IN12
PB11.GPIO_Label=DAC856x_LDAC
PD13.GPIOParameters=GPIO_Speed,GPIO_Label
SH.GPXTI0.ConfNb=1
TIM4.IC2Filter=0
PC0.Signal=ADCx_IN10
RCC.APB1CLKDivider=RCC_HCLK_DIV4
PA0-WKUP.GPIO_Label=USR_BUTTON
PA0-WKUP.Signal=GPXTI0
TIM1.AutoReloadPreload=TIM_AUTORELOAD_PRELOAD_ENABLE
SH.GPXTI6.ConfNb=1
SH.GPXTI2.ConfNb=1
TIM4.IPParameters=AutoReloadPreload,EncoderMode,IC1Filter,IC2Filter,Period,CounterMode,IC2Polarity,IC1Polarity
Dma.ADC1.0.Priority=DMA_PRIORITY_LOW
VP_TIM1_VS_ClockSourceINT.Signal=TIM1_VS_ClockSourceINT
TIM1.Channel-PWM\ Generation2\ CH2=TIM_CHANNEL_2
PB11.GPIOParameters=GPIO_Label
PB5.Locked=true
PE9.GPIO_Label=TIM1_PWM1
PB10.Signal=GPIO_Output
PA5.Signal=SPI1_SCK
Mcu.Pin40=PB6
Mcu.Pin41=PB7
PE13.GPIOParameters=GPIO_Speed,GPIO_Label
Dma.SPI1_RX.1.RequestParameters=Instance,Direction,PeriphInc,MemInc,PeriphDataAlignment,MemDataAlignment,Mode,Priority,FIFOMode
Mcu.Pin44=VP_TIM10_VS_ClockSourceINT
Mcu.Pin42=VP_SYS_VS_Systick
Mcu.Pin43=VP_TIM1_VS_ClockSourceINT
ProjectManager.LastFirmware=true
NVIC.TIM3_IRQn=true\:0\:0\:false\:false\:true\:true\:true
NVIC.SPI1_IRQn=true\:0\:0\:false\:false\:true\:true\:true
PE14.Signal=S_TIM1_CH4
Mcu.Pin37=PA14
Mcu.Pin38=PB4
Mcu.Pin35=PA12
Mcu.Pin36=PA13
SPI1.Mode=SPI_MODE_MASTER
Mcu.Pin39=PB5
Mcu.Pin30=PD12
PA1.GPIO_Label=JBUTTON1
RCC.EthernetFreq_Value=168000000
SH.ADCx_IN12.ConfNb=1
Mcu.Pin33=PD15
TIM3.IPParameters=CounterMode,AutoReloadPreload,EncoderMode,Period,IC1Polarity,IC2Polarity
Mcu.Pin34=PA11
Mcu.Pin31=PD13
Mcu.Pin32=PD14
NVIC.NonMaskableInt_IRQn=true\:0\:0\:false\:false\:true\:false\:false
ADC1.DMAContinuousRequests=ENABLE
PA13.Mode=Serial_Wire
ProjectManager.FreePins=false
Mcu.Pin26=PE13
Mcu.Pin27=PE14
RCC.RTCHSEDivFreq_Value=4000000
Mcu.Pin24=PE9
ProjectManager.UnderRoot=true
Mcu.Pin25=PE11
Mcu.Pin28=PB10
Mcu.Pin29=PB11
PB4.Locked=true
ADC1.SamplingTime-1\#ChannelRegularConversion=ADC_SAMPLETIME_480CYCLES
PD14.GPIOParameters=GPIO_Speed,GPIO_Label
PA4.Signal=GPIO_Output
Mcu.Pin22=PB1
PB5.Signal=S_TIM3_CH2
Mcu.Pin23=PB2
Mcu.Pin20=PC5
ADC1.master=1
Mcu.Pin21=PB0
PE13.GPIO_Label=TIM1_PWM3
NVIC.ForceEnableDMAVector=true
NVIC.MemoryManagement_IRQn=true\:0\:0\:false\:false\:true\:false\:false
PE5.GPIO_Label=JBUTTON5
ProjectManager.CompilerOptimize=6
ADC1.Rank-1\#ChannelRegularConversion=1
PD15.Locked=true
PA11.Signal=USB_OTG_FS_DM
ProjectManager.HeapSize=0x400
Mcu.Pin15=PA4
NVIC.HardFault_IRQn=true\:0\:0\:false\:false\:true\:false\:false
Mcu.Pin16=PA5
Mcu.Pin13=PA2
Mcu.Pin14=PA3
Mcu.Pin19=PC4
ADC1.SamplingTime-5\#ChannelRegularConversion=ADC_SAMPLETIME_480CYCLES
SH.S_TIM3_CH1.ConfNb=1
ProjectManager.ComputerToolchain=false
Mcu.Pin17=PA6
Mcu.Pin18=PA7
NVIC.PriorityGroup=NVIC_PRIORITYGROUP_4
Mcu.Pin11=PA0-WKUP
Mcu.Pin12=PA1
Mcu.Pin10=PC3
PE2.Locked=true
PE3.Signal=GPXTI3
PA0-WKUP.GPIO_PuPd=GPIO_NOPULL
TIM1.Channel-PWM\ Generation3\ CH3=TIM_CHANNEL_3
SH.GPXTI1.ConfNb=1
PB0.Signal=GPIO_Output
SH.S_TIM1_CH4.ConfNb=1
ADC1.Rank-5\#ChannelRegularConversion=5
PC1.Signal=ADCx_IN11
Mcu.Family=STM32F4
SH.GPXTI1.0=GPIO_EXTI1
ProjectManager.MainLocation=Core/Src
VP_TIM10_VS_ClockSourceINT.Signal=TIM10_VS_ClockSourceINT
PA6.Mode=Full_Duplex_Master
SH.S_TIM4_CH2.ConfNb=1
RCC.CortexFreq_Value=168000000
Dma.SPI1_RX.1.Mode=DMA_NORMAL
ProjectManager.KeepUserCode=true
Mcu.UserName=STM32F407VGTx
ADC1.ContinuousConvMode=ENABLE
PE11.GPIO_Label=TIM1_PWM2
SH.ADCx_IN2.0=ADC1_IN2,IN2
PD15.GPIO_Speed=GPIO_SPEED_FREQ_HIGH
TIM4.EncoderMode=TIM_ENCODERMODE_TI12
PC5.Locked=true
TIM3.EncoderMode=TIM_ENCODERMODE_TI12
ProjectManager.functionlistsort=1-MX_GPIO_Init-GPIO-false-HAL-true,2-MX_DMA_Init-DMA-false-HAL-true,3-SystemClock_Config-RCC-false-HAL-true,4-MX_ADC1_Init-ADC1-false-HAL-true,5-MX_TIM3_Init-TIM3-false-HAL-true,6-MX_TIM4_Init-TIM4-false-HAL-true,7-MX_TIM10_Init-TIM10-false-HAL-true,8-MX_USB_OTG_FS_PCD_Init-USB_OTG_FS-true-HAL-false,9-MX_TIM1_Init-TIM1-false-HAL-true,10-MX_SPI1_Init-SPI1-false-HAL-true
PA11.Mode=Device_Only
PE9.GPIO_Speed=GPIO_SPEED_FREQ_HIGH
PB0.GPIO_Label=MOTOR_Y_EN
SH.S_TIM1_CH3.ConfNb=1
PB11.Signal=GPIO_Output
PE5.GPIOParameters=GPIO_Label
ProjectManager.StackSize=0x2000
SH.GPXTI2.0=GPIO_EXTI2
PD13.Signal=GPIO_Output
Mcu.IP4=SPI1
RCC.FCLKCortexFreq_Value=168000000
Mcu.IP5=SYS
Mcu.IP2=NVIC
PD13.Locked=true
NVIC.ADC_IRQn=true\:0\:0\:false\:false\:true\:true\:true
Mcu.IP3=RCC
Mcu.IP0=ADC1
Mcu.IP1=DMA
PA12.Signal=USB_OTG_FS_DP
PE4.GPIOParameters=GPIO_Label
Mcu.UserConstants=
Mcu.ThirdPartyNb=0
Dma.SPI1_RX.1.PeriphInc=DMA_PINC_DISABLE
TIM1.Channel-PWM\ Generation4\ CH4=TIM_CHANNEL_4
ADC1.Channel-3\#ChannelRegularConversion=ADC_CHANNEL_12
RCC.HCLKFreq_Value=168000000
SH.ADCx_IN3.0=ADC1_IN3,IN3
Mcu.IPNb=11
RCC.I2SClocksFreq_Value=192000000
ProjectManager.PreviousToolchain=STM32CubeIDE
TIM3.Period=0xffff
RCC.VcooutputI2S=192000000
SH.ADCx_IN3.ConfNb=1
Mcu.Pin6=PH1-OSC_OUT
Mcu.Pin7=PC0
NVIC.DMA2_Stream0_IRQn=true\:0\:0\:false\:false\:true\:false\:true
Mcu.Pin8=PC1
Mcu.Pin9=PC2
Dma.SPI1_TX.2.Mode=DMA_NORMAL
RCC.AHBFreq_Value=168000000
PH0-OSC_IN.Mode=HSE-External-Oscillator
Mcu.Pin0=PE2
Mcu.Pin1=PE3
GPIO.groupedBy=Group By Peripherals
Mcu.Pin2=PE4
Mcu.Pin3=PE5
Mcu.Pin4=PE6
PA0-WKUP.GPIOParameters=GPIO_PuPd,GPIO_Label
Mcu.Pin5=PH0-OSC_IN
RCC.HSE_VALUE=8000000
NVIC.DebugMonitor_IRQn=true\:0\:0\:false\:false\:true\:false\:false
Mcu.IP10=USB_OTG_FS
NVIC.SysTick_IRQn=true\:0\:0\:false\:false\:true\:false\:true
PC4.GPIO_Speed=GPIO_SPEED_FREQ_HIGH
ADC1.SamplingTime-4\#ChannelRegularConversion=ADC_SAMPLETIME_480CYCLES
ADC1.Channel-6\#ChannelRegularConversion=ADC_CHANNEL_3
ADC1.Rank-2\#ChannelRegularConversion=2
PE13.Signal=S_TIM1_CH3
RCC.VCOInputFreq_Value=2000000
PA14.Mode=Serial_Wire
File.Version=6
PE3.GPIOParameters=GPIO_Label
SH.ADCx_IN13.ConfNb=1
PE3.Locked=true
PB7.Signal=S_TIM4_CH2
SH.S_TIM3_CH1.0=TIM3_CH1,Encoder_Interface
PE4.Signal=GPXTI4
PE6.GPIOParameters=GPIO_Label
Dma.RequestsNb=3
PB0.Locked=true
Dma.SPI1_RX.1.Direction=DMA_PERIPH_TO_MEMORY
ProjectManager.ProjectName=STM32F407_FFBJOYSTICK
PH1-OSC_OUT.Mode=HSE-External-Oscillator
Dma.SPI1_TX.2.MemDataAlignment=DMA_MDATAALIGN_BYTE
PD13.GPIO_Label=LED2
PA6.Signal=SPI1_MISO
NVIC.OTG_FS_IRQn=true\:0\:0\:false\:false\:true\:true\:true
TIM4.IC1Polarity=TIM_ICPOLARITY_FALLING
ProjectManager.ToolChainLocation=
PD14.Locked=true
RCC.LSI_VALUE=32000
SH.GPXTI0.0=GPIO_EXTI0
SH.GPXTI5.ConfNb=1
USB_OTG_FS.VirtualMode=Device_Only
TIM4.IC1Filter=0
Dma.Request2=SPI1_TX
Dma.Request1=SPI1_RX
PC4.Locked=true
PC5.Signal=GPIO_Output
ADC1.Rank-6\#ChannelRegularConversion=6
Dma.Request0=ADC1
TIM10.IPParameters=Prescaler
PA1.GPIO_ModeDefaultEXTI=GPIO_MODE_IT_RISING_FALLING
PE2.GPIO_Label=JBUTTON2
PB4.Signal=S_TIM3_CH1
PA3.Signal=ADCx_IN3
TIM10.Prescaler=167
SH.GPXTI5.0=GPIO_EXTI5
SH.ADCx_IN13.0=ADC1_IN13,IN13
TIM4.AutoReloadPreload=TIM_AUTORELOAD_PRELOAD_ENABLE
PD12.GPIO_Speed=GPIO_SPEED_FREQ_HIGH
PD15.GPIO_Label=LED4
TIM3.CounterMode=TIM_COUNTERMODE_CENTERALIGNED1
PA7.Mode=Full_Duplex_Master
PE14.GPIOParameters=GPIO_Speed,GPIO_Label
ADC1.Channel-4\#ChannelRegularConversion=ADC_CHANNEL_13
Dma.SPI1_TX.2.Direction=DMA_MEMORY_TO_PERIPH
ProjectManager.NoMain=false
SPI1.IPParameters=VirtualType,Mode,Direction,CalculateBaudRate
PC4.Signal=GPIO_Output
ProjectManager.DefaultFWLocation=true
PE14.GPIO_Label=TIM1_PWM4
ProjectManager.DeletePrevious=true
PB10.Locked=true
ADC1.SamplingTime-2\#ChannelRegularConversion=ADC_SAMPLETIME_480CYCLES
RCC.FamilyName=M
PA0-WKUP.Locked=true
PE9.GPIOParameters=GPIO_Speed,GPIO_Label
PB0.GPIO_Speed=GPIO_SPEED_FREQ_HIGH
PD12.Locked=true
SH.GPXTI6.0=GPIO_EXTI6
PA13.Signal=SYS_JTMS-SWDIO
Dma.ADC1.0.PeriphDataAlignment=DMA_PDATAALIGN_HALFWORD
SH.ADCx_IN12.0=ADC1_IN12,IN12
Dma.SPI1_TX.2.Instance=DMA2_Stream3
SH.S_TIM1_CH1.0=TIM1_CH1,PWM Generation1 CH1
PD12.GPIOParameters=GPIO_Speed,GPIO_Label
ProjectManager.TargetToolchain=STM32CubeIDE
PB10.GPIO_Label=DAC856x_CLR
Dma.ADC1.0.Mode=DMA_CIRCULAR
PC5.GPIOParameters=GPIO_Label
ADC1.Channel-1\#ChannelRegularConversion=ADC_CHANNEL_10
Dma.SPI1_TX.2.FIFOMode=DMA_FIFOMODE_DISABLE
PE4.Locked=true
PE2.GPIOParameters=GPIO_Label
ProjectManager.RegisterCallBack=
Dma.SPI1_TX.2.PeriphDataAlignment=DMA_PDATAALIGN_BYTE
NVIC.DMA2_Stream3_IRQn=true\:0\:0\:false\:false\:true\:false\:true
PE11.Signal=S_TIM1_CH2
RCC.LSE_VALUE=32768
PA1.Signal=GPXTI1
PB1.Locked=true
SH.S_TIM1_CH2.ConfNb=1
TIM3.IC2Polarity=TIM_ICPOLARITY_FALLING
TIM4.IC2Polarity=TIM_ICPOLARITY_FALLING
RCC.VCOI2SOutputFreq_Value=384000000
SH.S_TIM3_CH2.0=TIM3_CH2,Encoder_Interface
board=custom
PD13.GPIO_Speed=GPIO_SPEED_FREQ_HIGH
SH.GPXTI3.0=GPIO_EXTI3
RCC.VCOOutputFreq_Value=336000000
Dma.ADC1.0.RequestParameters=Instance,Direction,PeriphInc,MemInc,PeriphDataAlignment,MemDataAlignment,Mode,Priority,FIFOMode
RCC.APB2Freq_Value=84000000
SH.ADCx_IN11.0=ADC1_IN11,IN11
Dma.SPI1_TX.2.RequestParameters=Instance,Direction,PeriphInc,MemInc,PeriphDataAlignment,MemDataAlignment,Mode,Priority,FIFOMode
MxCube.Version=6.1.1
SH.S_TIM1_CH2.0=TIM1_CH2,PWM Generation2 CH2
SH.ADCx_IN2.ConfNb=1
SH.ADCx_IN10.ConfNb=1
VP_SYS_VS_Systick.Mode=SysTick
PH1-OSC_OUT.Signal=RCC_OSC_OUT
PD14.GPIO_Label=LED3
PA4.GPIOParameters=GPIO_Label
PE5.Locked=true
PE6.Signal=GPXTI6
ADC1.NbrOfConversion=6
RCC.IPParameters=48MHZClocksFreq_Value,AHBFreq_Value,APB1CLKDivider,APB1Freq_Value,APB1TimFreq_Value,APB2CLKDivider,APB2Freq_Value,APB2TimFreq_Value,CortexFreq_Value,EthernetFreq_Value,FCLKCortexFreq_Value,FamilyName,HCLKFreq_Value,HSE_VALUE,HSI_VALUE,I2SClocksFreq_Value,LSE_VALUE,LSI_VALUE,MCO2PinFreq_Value,PLLCLKFreq_Value,PLLM,PLLN,PLLQ,PLLQCLKFreq_Value,RTCFreq_Value,RTCHSEDivFreq_Value,SYSCLKFreq_VALUE,SYSCLKSource,VCOI2SOutputFreq_Value,VCOInputFreq_Value,VCOOutputFreq_Value,VcooutputI2S
ProjectManager.AskForMigrate=true
Mcu.Name=STM32F407V(E-G)Tx
PA2.Signal=ADCx_IN2
PB2.Locked=true
Mcu.IP8=TIM4
Mcu.IP9=TIM10
PD14.Signal=GPIO_Output
Dma.SPI1_RX.1.PeriphDataAlignment=DMA_PDATAALIGN_BYTE
Mcu.IP6=TIM1
Mcu.IP7=TIM3
ProjectManager.CoupleFile=true
RCC.48MHZClocksFreq_Value=48000000
NVIC.EXTI0_IRQn=true\:0\:0\:false\:false\:true\:true\:true
RCC.SYSCLKFreq_VALUE=168000000
PA1.Locked=true
SH.GPXTI4.0=GPIO_EXTI4
PA12.Mode=Device_Only
ADC1.Rank-3\#ChannelRegularConversion=3
ADC1.SamplingTime-3\#ChannelRegularConversion=ADC_SAMPLETIME_480CYCLES
KeepUserPlacement=false
PC5.GPIO_Label=MOTOR_X_EN
TIM3.IC1Polarity=TIM_ICPOLARITY_FALLING
PA14.Signal=SYS_JTCK-SWCLK
Dma.ADC1.0.MemInc=DMA_MINC_ENABLE
SH.ADCx_IN10.0=ADC1_IN10,IN10
SH.GPXTI4.ConfNb=1
SH.S_TIM1_CH3.0=TIM1_CH3,PWM Generation3 CH3
RCC.HSI_VALUE=16000000
RCC.PLLQ=7
ADC1.NbrOfConversionFlag=1
RCC.PLLM=4
RCC.PLLN=168
PE13.GPIO_Speed=GPIO_SPEED_FREQ_HIGH
PB7.Locked=true
PE3.GPIO_Label=JBUTTON3
NVIC.TIM4_IRQn=true\:0\:0\:false\:false\:true\:true\:true
RCC.APB1Freq_Value=42000000
PB11.Locked=true
ProjectManager.DeviceId=STM32F407VGTx
ProjectManager.LibraryCopy=1
PB1.GPIOParameters=GPIO_Speed,GPIO_Label
PA7.Signal=SPI1_MOSI
